// !$*UTF8*$!
{
	archiveVersion = 1;
	classes = {
	};
	objectVersion = 50;
	objects = {

/* Begin PBXBuildFile section */
		C480A77A22BDCE6D00E575E2 /* ViewController+TableDataSource.swift in Sources */ = {isa = PBXBuildFile; fileRef = C480A77922BDCE6D00E575E2 /* ViewController+TableDataSource.swift */; };
		C480A78122BDD37E00E575E2 /* ContactTableCell.swift in Sources */ = {isa = PBXBuildFile; fileRef = C480A77F22BDD37E00E575E2 /* ContactTableCell.swift */; };
		C480A78222BDD37E00E575E2 /* ContactTableCell.xib in Resources */ = {isa = PBXBuildFile; fileRef = C480A78022BDD37E00E575E2 /* ContactTableCell.xib */; };
		C480A78422BE3FAD00E575E2 /* ContactDetailViewController.swift in Sources */ = {isa = PBXBuildFile; fileRef = C480A78322BE3FAD00E575E2 /* ContactDetailViewController.swift */; };
		C480A78622BE570600E575E2 /* UIView+gradient.swift in Sources */ = {isa = PBXBuildFile; fileRef = C480A78522BE570600E575E2 /* UIView+gradient.swift */; };
		C480A78922BF38CE00E575E2 /* ContactDetailCell.swift in Sources */ = {isa = PBXBuildFile; fileRef = C480A78722BF38CE00E575E2 /* ContactDetailCell.swift */; };
		C480A78A22BF38CE00E575E2 /* ContactDetailCell.xib in Resources */ = {isa = PBXBuildFile; fileRef = C480A78822BF38CE00E575E2 /* ContactDetailCell.xib */; };
		C480A78C22BF3D4900E575E2 /* Contactdetails.swift in Sources */ = {isa = PBXBuildFile; fileRef = C480A78B22BF3D4900E575E2 /* Contactdetails.swift */; };
		C480A78E22BF427000E575E2 /* ContactDetailViewController+TableDataSource.swift in Sources */ = {isa = PBXBuildFile; fileRef = C480A78D22BF427000E575E2 /* ContactDetailViewController+TableDataSource.swift */; };
		C480A79022BF470400E575E2 /* ContactDetailsViewModel.swift in Sources */ = {isa = PBXBuildFile; fileRef = C480A78F22BF470400E575E2 /* ContactDetailsViewModel.swift */; };
		C480A79522BFA51200E575E2 /* ContactListJsonParsingTest.swift in Sources */ = {isa = PBXBuildFile; fileRef = C480A79422BFA51200E575E2 /* ContactListJsonParsingTest.swift */; };
		C480A79622BFA78F00E575E2 /* ContactList.json in Resources */ = {isa = PBXBuildFile; fileRef = C480A79222BFA4AE00E575E2 /* ContactList.json */; };
		C480A79822BFA92000E575E2 /* AssignmentAsyncTest.swift in Sources */ = {isa = PBXBuildFile; fileRef = C480A79722BFA92000E575E2 /* AssignmentAsyncTest.swift */; };
		C4ADCBD322BCCF3B00CDEC94 /* AssignmentViewModel.swift in Sources */ = {isa = PBXBuildFile; fileRef = C4ADCBD222BCCF3B00CDEC94 /* AssignmentViewModel.swift */; };
		C4C4A4D922BA123800303508 /* Assignment.xcdatamodeld in Sources */ = {isa = PBXBuildFile; fileRef = C4C4A4D722BA123800303508 /* Assignment.xcdatamodeld */; };
		C4C4A4DB22BA123900303508 /* Assets.xcassets in Resources */ = {isa = PBXBuildFile; fileRef = C4C4A4DA22BA123900303508 /* Assets.xcassets */; };
		C4C4A4F422BA123900303508 /* AssignmentUITests.swift in Sources */ = {isa = PBXBuildFile; fileRef = C4C4A4F322BA123900303508 /* AssignmentUITests.swift */; };
		C4C4A51222BA132C00303508 /* String+URLRequest.swift in Sources */ = {isa = PBXBuildFile; fileRef = C4C4A50222BA132C00303508 /* String+URLRequest.swift */; };
		C4C4A51422BA132C00303508 /* AsyncImageView.swift in Sources */ = {isa = PBXBuildFile; fileRef = C4C4A50522BA132C00303508 /* AsyncImageView.swift */; };
		C4C4A51522BA132C00303508 /* LaunchScreen.storyboard in Resources */ = {isa = PBXBuildFile; fileRef = C4C4A50822BA132C00303508 /* LaunchScreen.storyboard */; };
		C4C4A51622BA132C00303508 /* Main.storyboard in Resources */ = {isa = PBXBuildFile; fileRef = C4C4A50A22BA132C00303508 /* Main.storyboard */; };
		C4C4A51722BA132C00303508 /* ViewController.swift in Sources */ = {isa = PBXBuildFile; fileRef = C4C4A50D22BA132C00303508 /* ViewController.swift */; };
		C4C4A51822BA132C00303508 /* NetworkDataLoader.swift in Sources */ = {isa = PBXBuildFile; fileRef = C4C4A50F22BA132C00303508 /* NetworkDataLoader.swift */; };
		C4C4A51922BA132C00303508 /* AppDelegate.swift in Sources */ = {isa = PBXBuildFile; fileRef = C4C4A51122BA132C00303508 /* AppDelegate.swift */; };
		C4C4A51D22BA13B900303508 /* APIErrors.swift in Sources */ = {isa = PBXBuildFile; fileRef = C4C4A51A22BA13B900303508 /* APIErrors.swift */; };
		C4C4A51F22BA13B900303508 /* Info.swift in Sources */ = {isa = PBXBuildFile; fileRef = C4C4A51C22BA13B900303508 /* Info.swift */; };
/* End PBXBuildFile section */

/* Begin PBXContainerItemProxy section */
		C4C4A4E522BA123900303508 /* PBXContainerItemProxy */ = {
			isa = PBXContainerItemProxy;
			containerPortal = C4C4A4C522BA123800303508 /* Project object */;
			proxyType = 1;
			remoteGlobalIDString = C4C4A4CC22BA123800303508;
			remoteInfo = Assignment;
		};
		C4C4A4F022BA123900303508 /* PBXContainerItemProxy */ = {
			isa = PBXContainerItemProxy;
			containerPortal = C4C4A4C522BA123800303508 /* Project object */;
			proxyType = 1;
			remoteGlobalIDString = C4C4A4CC22BA123800303508;
			remoteInfo = Assignment;
		};
/* End PBXContainerItemProxy section */

/* Begin PBXFileReference section */
		C480A77922BDCE6D00E575E2 /* ViewController+TableDataSource.swift */ = {isa = PBXFileReference; lastKnownFileType = sourcecode.swift; path = "ViewController+TableDataSource.swift"; sourceTree = "<group>"; };
		C480A77F22BDD37E00E575E2 /* ContactTableCell.swift */ = {isa = PBXFileReference; lastKnownFileType = sourcecode.swift; path = ContactTableCell.swift; sourceTree = "<group>"; };
		C480A78022BDD37E00E575E2 /* ContactTableCell.xib */ = {isa = PBXFileReference; lastKnownFileType = file.xib; path = ContactTableCell.xib; sourceTree = "<group>"; };
		C480A78322BE3FAD00E575E2 /* ContactDetailViewController.swift */ = {isa = PBXFileReference; lastKnownFileType = sourcecode.swift; path = ContactDetailViewController.swift; sourceTree = "<group>"; };
		C480A78522BE570600E575E2 /* UIView+gradient.swift */ = {isa = PBXFileReference; lastKnownFileType = sourcecode.swift; path = "UIView+gradient.swift"; sourceTree = "<group>"; };
		C480A78722BF38CE00E575E2 /* ContactDetailCell.swift */ = {isa = PBXFileReference; lastKnownFileType = sourcecode.swift; path = ContactDetailCell.swift; sourceTree = "<group>"; };
		C480A78822BF38CE00E575E2 /* ContactDetailCell.xib */ = {isa = PBXFileReference; lastKnownFileType = file.xib; path = ContactDetailCell.xib; sourceTree = "<group>"; };
		C480A78B22BF3D4900E575E2 /* Contactdetails.swift */ = {isa = PBXFileReference; lastKnownFileType = sourcecode.swift; path = Contactdetails.swift; sourceTree = "<group>"; };
		C480A78D22BF427000E575E2 /* ContactDetailViewController+TableDataSource.swift */ = {isa = PBXFileReference; lastKnownFileType = sourcecode.swift; path = "ContactDetailViewController+TableDataSource.swift"; sourceTree = "<group>"; };
		C480A78F22BF470400E575E2 /* ContactDetailsViewModel.swift */ = {isa = PBXFileReference; lastKnownFileType = sourcecode.swift; path = ContactDetailsViewModel.swift; sourceTree = "<group>"; };
		C480A79222BFA4AE00E575E2 /* ContactList.json */ = {isa = PBXFileReference; lastKnownFileType = text.json; path = ContactList.json; sourceTree = "<group>"; };
		C480A79422BFA51200E575E2 /* ContactListJsonParsingTest.swift */ = {isa = PBXFileReference; lastKnownFileType = sourcecode.swift; path = ContactListJsonParsingTest.swift; sourceTree = "<group>"; };
		C480A79722BFA92000E575E2 /* AssignmentAsyncTest.swift */ = {isa = PBXFileReference; lastKnownFileType = sourcecode.swift; path = AssignmentAsyncTest.swift; sourceTree = "<group>"; };
		C4ADCBD222BCCF3B00CDEC94 /* AssignmentViewModel.swift */ = {isa = PBXFileReference; lastKnownFileType = sourcecode.swift; path = AssignmentViewModel.swift; sourceTree = "<group>"; };
		C4C4A4CD22BA123800303508 /* Assignment.app */ = {isa = PBXFileReference; explicitFileType = wrapper.application; includeInIndex = 0; path = Assignment.app; sourceTree = BUILT_PRODUCTS_DIR; };
		C4C4A4D822BA123800303508 /* Assignment.xcdatamodel */ = {isa = PBXFileReference; lastKnownFileType = wrapper.xcdatamodel; path = Assignment.xcdatamodel; sourceTree = "<group>"; };
		C4C4A4DA22BA123900303508 /* Assets.xcassets */ = {isa = PBXFileReference; lastKnownFileType = folder.assetcatalog; path = Assets.xcassets; sourceTree = "<group>"; };
		C4C4A4DF22BA123900303508 /* Info.plist */ = {isa = PBXFileReference; lastKnownFileType = text.plist.xml; path = Info.plist; sourceTree = "<group>"; };
		C4C4A4E422BA123900303508 /* AssignmentTests.xctest */ = {isa = PBXFileReference; explicitFileType = wrapper.cfbundle; includeInIndex = 0; path = AssignmentTests.xctest; sourceTree = BUILT_PRODUCTS_DIR; };
		C4C4A4EA22BA123900303508 /* Info.plist */ = {isa = PBXFileReference; lastKnownFileType = text.plist.xml; path = Info.plist; sourceTree = "<group>"; };
		C4C4A4EF22BA123900303508 /* AssignmentUITests.xctest */ = {isa = PBXFileReference; explicitFileType = wrapper.cfbundle; includeInIndex = 0; path = AssignmentUITests.xctest; sourceTree = BUILT_PRODUCTS_DIR; };
		C4C4A4F322BA123900303508 /* AssignmentUITests.swift */ = {isa = PBXFileReference; lastKnownFileType = sourcecode.swift; path = AssignmentUITests.swift; sourceTree = "<group>"; };
		C4C4A4F522BA123900303508 /* Info.plist */ = {isa = PBXFileReference; lastKnownFileType = text.plist.xml; path = Info.plist; sourceTree = "<group>"; };
		C4C4A50222BA132C00303508 /* String+URLRequest.swift */ = {isa = PBXFileReference; fileEncoding = 4; lastKnownFileType = sourcecode.swift; path = "String+URLRequest.swift"; sourceTree = "<group>"; };
		C4C4A50522BA132C00303508 /* AsyncImageView.swift */ = {isa = PBXFileReference; fileEncoding = 4; lastKnownFileType = sourcecode.swift; path = AsyncImageView.swift; sourceTree = "<group>"; };
		C4C4A50922BA132C00303508 /* Base */ = {isa = PBXFileReference; lastKnownFileType = file.storyboard; name = Base; path = Base.lproj/LaunchScreen.storyboard; sourceTree = "<group>"; };
		C4C4A50B22BA132C00303508 /* Base */ = {isa = PBXFileReference; lastKnownFileType = file.storyboard; name = Base; path = Base.lproj/Main.storyboard; sourceTree = "<group>"; };
		C4C4A50D22BA132C00303508 /* ViewController.swift */ = {isa = PBXFileReference; fileEncoding = 4; lastKnownFileType = sourcecode.swift; path = ViewController.swift; sourceTree = "<group>"; };
		C4C4A50F22BA132C00303508 /* NetworkDataLoader.swift */ = {isa = PBXFileReference; fileEncoding = 4; lastKnownFileType = sourcecode.swift; path = NetworkDataLoader.swift; sourceTree = "<group>"; };
		C4C4A51122BA132C00303508 /* AppDelegate.swift */ = {isa = PBXFileReference; fileEncoding = 4; lastKnownFileType = sourcecode.swift; path = AppDelegate.swift; sourceTree = "<group>"; };
		C4C4A51A22BA13B900303508 /* APIErrors.swift */ = {isa = PBXFileReference; fileEncoding = 4; lastKnownFileType = sourcecode.swift; path = APIErrors.swift; sourceTree = "<group>"; };
		C4C4A51C22BA13B900303508 /* Info.swift */ = {isa = PBXFileReference; fileEncoding = 4; lastKnownFileType = sourcecode.swift; path = Info.swift; sourceTree = "<group>"; };
/* End PBXFileReference section */

/* Begin PBXFrameworksBuildPhase section */
		C4C4A4CA22BA123800303508 /* Frameworks */ = {
			isa = PBXFrameworksBuildPhase;
			buildActionMask = 2147483647;
			files = (
			);
			runOnlyForDeploymentPostprocessing = 0;
		};
		C4C4A4E122BA123900303508 /* Frameworks */ = {
			isa = PBXFrameworksBuildPhase;
			buildActionMask = 2147483647;
			files = (
			);
			runOnlyForDeploymentPostprocessing = 0;
		};
		C4C4A4EC22BA123900303508 /* Frameworks */ = {
			isa = PBXFrameworksBuildPhase;
			buildActionMask = 2147483647;
			files = (
			);
			runOnlyForDeploymentPostprocessing = 0;
		};
/* End PBXFrameworksBuildPhase section */

/* Begin PBXGroup section */
		C480A77E22BDD34600E575E2 /* Custom TableCell */ = {
			isa = PBXGroup;
			children = (
				C480A77F22BDD37E00E575E2 /* ContactTableCell.swift */,
				C480A78022BDD37E00E575E2 /* ContactTableCell.xib */,
				C480A78722BF38CE00E575E2 /* ContactDetailCell.swift */,
				C480A78822BF38CE00E575E2 /* ContactDetailCell.xib */,
			);
			path = "Custom TableCell";
			sourceTree = "<group>";
		};
		C480A79122BFA47A00E575E2 /* Dummy Data */ = {
			isa = PBXGroup;
			children = (
				C480A79222BFA4AE00E575E2 /* ContactList.json */,
			);
			path = "Dummy Data";
			sourceTree = "<group>";
		};
		C4ADCBD122BCCEF800CDEC94 /* ViewModel */ = {
			isa = PBXGroup;
			children = (
				C4ADCBD222BCCF3B00CDEC94 /* AssignmentViewModel.swift */,
				C480A78F22BF470400E575E2 /* ContactDetailsViewModel.swift */,
			);
			path = ViewModel;
			sourceTree = "<group>";
		};
		C4C4A4C422BA123800303508 = {
			isa = PBXGroup;
			children = (
				C4C4A4CF22BA123800303508 /* Assignment */,
				C4C4A4E722BA123900303508 /* AssignmentTests */,
				C4C4A4F222BA123900303508 /* AssignmentUITests */,
				C4C4A4CE22BA123800303508 /* Products */,
			);
			sourceTree = "<group>";
		};
		C4C4A4CE22BA123800303508 /* Products */ = {
			isa = PBXGroup;
			children = (
				C4C4A4CD22BA123800303508 /* Assignment.app */,
				C4C4A4E422BA123900303508 /* AssignmentTests.xctest */,
				C4C4A4EF22BA123900303508 /* AssignmentUITests.xctest */,
			);
			name = Products;
			sourceTree = "<group>";
		};
		C4C4A4CF22BA123800303508 /* Assignment */ = {
			isa = PBXGroup;
			children = (
				C4C4A51022BA132C00303508 /* AppDelegate */,
				C4C4A50422BA132C00303508 /* CustomImageView */,
				C480A77E22BDD34600E575E2 /* Custom TableCell */,
				C4C4A50122BA132C00303508 /* Extension */,
				C4ADCBD122BCCEF800CDEC94 /* ViewModel */,
				C4C4A50622BA132C00303508 /* Models */,
				C4C4A50E22BA132C00303508 /* Services */,
				C4C4A50722BA132C00303508 /* StoryBoards */,
				C4C4A50C22BA132C00303508 /* ViewControllers */,
				C4C4A4DA22BA123900303508 /* Assets.xcassets */,
				C4C4A4DF22BA123900303508 /* Info.plist */,
				C4C4A4D722BA123800303508 /* Assignment.xcdatamodeld */,
			);
			path = Assignment;
			sourceTree = "<group>";
		};
		C4C4A4E722BA123900303508 /* AssignmentTests */ = {
			isa = PBXGroup;
			children = (
				C480A79122BFA47A00E575E2 /* Dummy Data */,
				C4C4A4EA22BA123900303508 /* Info.plist */,
				C480A79422BFA51200E575E2 /* ContactListJsonParsingTest.swift */,
				C480A79722BFA92000E575E2 /* AssignmentAsyncTest.swift */,
			);
			path = AssignmentTests;
			sourceTree = "<group>";
		};
		C4C4A4F222BA123900303508 /* AssignmentUITests */ = {
			isa = PBXGroup;
			children = (
				C4C4A4F322BA123900303508 /* AssignmentUITests.swift */,
				C4C4A4F522BA123900303508 /* Info.plist */,
			);
			path = AssignmentUITests;
			sourceTree = "<group>";
		};
		C4C4A50122BA132C00303508 /* Extension */ = {
			isa = PBXGroup;
			children = (
				C4C4A50222BA132C00303508 /* String+URLRequest.swift */,
				C480A78522BE570600E575E2 /* UIView+gradient.swift */,
			);
			path = Extension;
			sourceTree = "<group>";
		};
		C4C4A50422BA132C00303508 /* CustomImageView */ = {
			isa = PBXGroup;
			children = (
				C4C4A50522BA132C00303508 /* AsyncImageView.swift */,
			);
			path = CustomImageView;
			sourceTree = "<group>";
		};
		C4C4A50622BA132C00303508 /* Models */ = {
			isa = PBXGroup;
			children = (
				C4C4A51A22BA13B900303508 /* APIErrors.swift */,
				C4C4A51C22BA13B900303508 /* Info.swift */,
				C480A78B22BF3D4900E575E2 /* Contactdetails.swift */,
			);
			path = Models;
			sourceTree = "<group>";
		};
		C4C4A50722BA132C00303508 /* StoryBoards */ = {
			isa = PBXGroup;
			children = (
				C4C4A50822BA132C00303508 /* LaunchScreen.storyboard */,
				C4C4A50A22BA132C00303508 /* Main.storyboard */,
			);
			path = StoryBoards;
			sourceTree = "<group>";
		};
		C4C4A50C22BA132C00303508 /* ViewControllers */ = {
			isa = PBXGroup;
			children = (
				C4C4A50D22BA132C00303508 /* ViewController.swift */,
				C480A77922BDCE6D00E575E2 /* ViewController+TableDataSource.swift */,
				C480A78322BE3FAD00E575E2 /* ContactDetailViewController.swift */,
				C480A78D22BF427000E575E2 /* ContactDetailViewController+TableDataSource.swift */,
			);
			path = ViewControllers;
			sourceTree = "<group>";
		};
		C4C4A50E22BA132C00303508 /* Services */ = {
			isa = PBXGroup;
			children = (
				C4C4A50F22BA132C00303508 /* NetworkDataLoader.swift */,
			);
			path = Services;
			sourceTree = "<group>";
		};
		C4C4A51022BA132C00303508 /* AppDelegate */ = {
			isa = PBXGroup;
			children = (
				C4C4A51122BA132C00303508 /* AppDelegate.swift */,
			);
			path = AppDelegate;
			sourceTree = "<group>";
		};
/* End PBXGroup section */

/* Begin PBXNativeTarget section */
		C4C4A4CC22BA123800303508 /* Assignment */ = {
			isa = PBXNativeTarget;
			buildConfigurationList = C4C4A4F822BA123900303508 /* Build configuration list for PBXNativeTarget "Assignment" */;
			buildPhases = (
				C4C4A4C922BA123800303508 /* Sources */,
				C4C4A4CA22BA123800303508 /* Frameworks */,
				C4C4A4CB22BA123800303508 /* Resources */,
			);
			buildRules = (
			);
			dependencies = (
			);
			name = Assignment;
			productName = Assignment;
			productReference = C4C4A4CD22BA123800303508 /* Assignment.app */;
			productType = "com.apple.product-type.application";
		};
		C4C4A4E322BA123900303508 /* AssignmentTests */ = {
			isa = PBXNativeTarget;
			buildConfigurationList = C4C4A4FB22BA123900303508 /* Build configuration list for PBXNativeTarget "AssignmentTests" */;
			buildPhases = (
				C4C4A4E022BA123900303508 /* Sources */,
				C4C4A4E122BA123900303508 /* Frameworks */,
				C4C4A4E222BA123900303508 /* Resources */,
			);
			buildRules = (
			);
			dependencies = (
				C4C4A4E622BA123900303508 /* PBXTargetDependency */,
			);
			name = AssignmentTests;
			productName = AssignmentTests;
			productReference = C4C4A4E422BA123900303508 /* AssignmentTests.xctest */;
			productType = "com.apple.product-type.bundle.unit-test";
		};
		C4C4A4EE22BA123900303508 /* AssignmentUITests */ = {
			isa = PBXNativeTarget;
			buildConfigurationList = C4C4A4FE22BA123900303508 /* Build configuration list for PBXNativeTarget "AssignmentUITests" */;
			buildPhases = (
				C4C4A4EB22BA123900303508 /* Sources */,
				C4C4A4EC22BA123900303508 /* Frameworks */,
				C4C4A4ED22BA123900303508 /* Resources */,
			);
			buildRules = (
			);
			dependencies = (
				C4C4A4F122BA123900303508 /* PBXTargetDependency */,
			);
			name = AssignmentUITests;
			productName = AssignmentUITests;
			productReference = C4C4A4EF22BA123900303508 /* AssignmentUITests.xctest */;
			productType = "com.apple.product-type.bundle.ui-testing";
		};
/* End PBXNativeTarget section */

/* Begin PBXProject section */
		C4C4A4C522BA123800303508 /* Project object */ = {
			isa = PBXProject;
			attributes = {
				LastSwiftUpdateCheck = 1020;
				LastUpgradeCheck = 1020;
				ORGANIZATIONNAME = "Himanshu Saraswat";
				TargetAttributes = {
					C4C4A4CC22BA123800303508 = {
						CreatedOnToolsVersion = 10.2.1;
					};
					C4C4A4E322BA123900303508 = {
						CreatedOnToolsVersion = 10.2.1;
						TestTargetID = C4C4A4CC22BA123800303508;
					};
					C4C4A4EE22BA123900303508 = {
						CreatedOnToolsVersion = 10.2.1;
						TestTargetID = C4C4A4CC22BA123800303508;
					};
				};
			};
			buildConfigurationList = C4C4A4C822BA123800303508 /* Build configuration list for PBXProject "Assignment" */;
			compatibilityVersion = "Xcode 9.3";
			developmentRegion = en;
			hasScannedForEncodings = 0;
			knownRegions = (
				en,
				Base,
			);
			mainGroup = C4C4A4C422BA123800303508;
			productRefGroup = C4C4A4CE22BA123800303508 /* Products */;
			projectDirPath = "";
			projectRoot = "";
			targets = (
				C4C4A4CC22BA123800303508 /* Assignment */,
				C4C4A4E322BA123900303508 /* AssignmentTests */,
				C4C4A4EE22BA123900303508 /* AssignmentUITests */,
			);
		};
/* End PBXProject section */

/* Begin PBXResourcesBuildPhase section */
		C4C4A4CB22BA123800303508 /* Resources */ = {
			isa = PBXResourcesBuildPhase;
			buildActionMask = 2147483647;
			files = (
				C4C4A51622BA132C00303508 /* Main.storyboard in Resources */,
				C480A78222BDD37E00E575E2 /* ContactTableCell.xib in Resources */,
				C480A78A22BF38CE00E575E2 /* ContactDetailCell.xib in Resources */,
				C4C4A51522BA132C00303508 /* LaunchScreen.storyboard in Resources */,
				C4C4A4DB22BA123900303508 /* Assets.xcassets in Resources */,
			);
			runOnlyForDeploymentPostprocessing = 0;
		};
		C4C4A4E222BA123900303508 /* Resources */ = {
			isa = PBXResourcesBuildPhase;
			buildActionMask = 2147483647;
			files = (
				C480A79622BFA78F00E575E2 /* ContactList.json in Resources */,
			);
			runOnlyForDeploymentPostprocessing = 0;
		};
		C4C4A4ED22BA123900303508 /* Resources */ = {
			isa = PBXResourcesBuildPhase;
			buildActionMask = 2147483647;
			files = (
			);
			runOnlyForDeploymentPostprocessing = 0;
		};
/* End PBXResourcesBuildPhase section */

/* Begin PBXSourcesBuildPhase section */
		C4C4A4C922BA123800303508 /* Sources */ = {
			isa = PBXSourcesBuildPhase;
			buildActionMask = 2147483647;
			files = (
				C4C4A51722BA132C00303508 /* ViewController.swift in Sources */,
				C480A78C22BF3D4900E575E2 /* Contactdetails.swift in Sources */,
				C480A79022BF470400E575E2 /* ContactDetailsViewModel.swift in Sources */,
				C4C4A51D22BA13B900303508 /* APIErrors.swift in Sources */,
				C480A78622BE570600E575E2 /* UIView+gradient.swift in Sources */,
				C4C4A51222BA132C00303508 /* String+URLRequest.swift in Sources */,
				C480A78E22BF427000E575E2 /* ContactDetailViewController+TableDataSource.swift in Sources */,
				C4C4A51F22BA13B900303508 /* Info.swift in Sources */,
				C4C4A4D922BA123800303508 /* Assignment.xcdatamodeld in Sources */,
				C480A78122BDD37E00E575E2 /* ContactTableCell.swift in Sources */,
				C480A77A22BDCE6D00E575E2 /* ViewController+TableDataSource.swift in Sources */,
				C480A78922BF38CE00E575E2 /* ContactDetailCell.swift in Sources */,
				C4ADCBD322BCCF3B00CDEC94 /* AssignmentViewModel.swift in Sources */,
				C480A78422BE3FAD00E575E2 /* ContactDetailViewController.swift in Sources */,
				C4C4A51922BA132C00303508 /* AppDelegate.swift in Sources */,
				C4C4A51422BA132C00303508 /* AsyncImageView.swift in Sources */,
				C4C4A51822BA132C00303508 /* NetworkDataLoader.swift in Sources */,
			);
			runOnlyForDeploymentPostprocessing = 0;
		};
		C4C4A4E022BA123900303508 /* Sources */ = {
			isa = PBXSourcesBuildPhase;
			buildActionMask = 2147483647;
			files = (
				C480A79522BFA51200E575E2 /* ContactListJsonParsingTest.swift in Sources */,
				C480A79822BFA92000E575E2 /* AssignmentAsyncTest.swift in Sources */,
			);
			runOnlyForDeploymentPostprocessing = 0;
		};
		C4C4A4EB22BA123900303508 /* Sources */ = {
			isa = PBXSourcesBuildPhase;
			buildActionMask = 2147483647;
			files = (
				C4C4A4F422BA123900303508 /* AssignmentUITests.swift in Sources */,
			);
			runOnlyForDeploymentPostprocessing = 0;
		};
/* End PBXSourcesBuildPhase section */

/* Begin PBXTargetDependency section */
		C4C4A4E622BA123900303508 /* PBXTargetDependency */ = {
			isa = PBXTargetDependency;
			target = C4C4A4CC22BA123800303508 /* Assignment */;
			targetProxy = C4C4A4E522BA123900303508 /* PBXContainerItemProxy */;
		};
		C4C4A4F122BA123900303508 /* PBXTargetDependency */ = {
			isa = PBXTargetDependency;
			target = C4C4A4CC22BA123800303508 /* Assignment */;
			targetProxy = C4C4A4F022BA123900303508 /* PBXContainerItemProxy */;
		};
/* End PBXTargetDependency section */

/* Begin PBXVariantGroup section */
		C4C4A50822BA132C00303508 /* LaunchScreen.storyboard */ = {
			isa = PBXVariantGroup;
			children = (
				C4C4A50922BA132C00303508 /* Base */,
			);
			name = LaunchScreen.storyboard;
			sourceTree = "<group>";
		};
		C4C4A50A22BA132C00303508 /* Main.storyboard */ = {
			isa = PBXVariantGroup;
			children = (
				C4C4A50B22BA132C00303508 /* Base */,
			);
			name = Main.storyboard;
			sourceTree = "<group>";
		};
/* End PBXVariantGroup section */

/* Begin XCBuildConfiguration section */
		C4C4A4F622BA123900303508 /* Debug */ = {
			isa = XCBuildConfiguration;
			buildSettings = {
				ALWAYS_SEARCH_USER_PATHS = NO;
				CLANG_ANALYZER_NONNULL = YES;
				CLANG_ANALYZER_NUMBER_OBJECT_CONVERSION = YES_AGGRESSIVE;
				CLANG_CXX_LANGUAGE_STANDARD = "gnu++14";
				CLANG_CXX_LIBRARY = "libc++";
				CLANG_ENABLE_MODULES = YES;
				CLANG_ENABLE_OBJC_ARC = YES;
				CLANG_ENABLE_OBJC_WEAK = YES;
				CLANG_WARN_BLOCK_CAPTURE_AUTORELEASING = YES;
				CLANG_WARN_BOOL_CONVERSION = YES;
				CLANG_WARN_COMMA = YES;
				CLANG_WARN_CONSTANT_CONVERSION = YES;
				CLANG_WARN_DEPRECATED_OBJC_IMPLEMENTATIONS = YES;
				CLANG_WARN_DIRECT_OBJC_ISA_USAGE = YES_ERROR;
				CLANG_WARN_DOCUMENTATION_COMMENTS = YES;
				CLANG_WARN_EMPTY_BODY = YES;
				CLANG_WARN_ENUM_CONVERSION = YES;
				CLANG_WARN_INFINITE_RECURSION = YES;
				CLANG_WARN_INT_CONVERSION = YES;
				CLANG_WARN_NON_LITERAL_NULL_CONVERSION = YES;
				CLANG_WARN_OBJC_IMPLICIT_RETAIN_SELF = YES;
				CLANG_WARN_OBJC_LITERAL_CONVERSION = YES;
				CLANG_WARN_OBJC_ROOT_CLASS = YES_ERROR;
				CLANG_WARN_RANGE_LOOP_ANALYSIS = YES;
				CLANG_WARN_STRICT_PROTOTYPES = YES;
				CLANG_WARN_SUSPICIOUS_MOVE = YES;
				CLANG_WARN_UNGUARDED_AVAILABILITY = YES_AGGRESSIVE;
				CLANG_WARN_UNREACHABLE_CODE = YES;
				CLANG_WARN__DUPLICATE_METHOD_MATCH = YES;
				CODE_SIGN_IDENTITY = "iPhone Developer";
				COPY_PHASE_STRIP = NO;
				DEBUG_INFORMATION_FORMAT = dwarf;
				ENABLE_STRICT_OBJC_MSGSEND = YES;
				ENABLE_TESTABILITY = YES;
				GCC_C_LANGUAGE_STANDARD = gnu11;
				GCC_DYNAMIC_NO_PIC = NO;
				GCC_NO_COMMON_BLOCKS = YES;
				GCC_OPTIMIZATION_LEVEL = 0;
				GCC_PREPROCESSOR_DEFINITIONS = (
					"DEBUG=1",
					"$(inherited)",
				);
				GCC_WARN_64_TO_32_BIT_CONVERSION = YES;
				GCC_WARN_ABOUT_RETURN_TYPE = YES_ERROR;
				GCC_WARN_UNDECLARED_SELECTOR = YES;
				GCC_WARN_UNINITIALIZED_AUTOS = YES_AGGRESSIVE;
				GCC_WARN_UNUSED_FUNCTION = YES;
				GCC_WARN_UNUSED_VARIABLE = YES;
				IPHONEOS_DEPLOYMENT_TARGET = 12.2;
				MTL_ENABLE_DEBUG_INFO = INCLUDE_SOURCE;
				MTL_FAST_MATH = YES;
				ONLY_ACTIVE_ARCH = YES;
				SDKROOT = iphoneos;
				SWIFT_ACTIVE_COMPILATION_CONDITIONS = DEBUG;
				SWIFT_OPTIMIZATION_LEVEL = "-Onone";
			};
			name = Debug;
		};
		C4C4A4F722BA123900303508 /* Release */ = {
			isa = XCBuildConfiguration;
			buildSettings = {
				ALWAYS_SEARCH_USER_PATHS = NO;
				CLANG_ANALYZER_NONNULL = YES;
				CLANG_ANALYZER_NUMBER_OBJECT_CONVERSION = YES_AGGRESSIVE;
				CLANG_CXX_LANGUAGE_STANDARD = "gnu++14";
				CLANG_CXX_LIBRARY = "libc++";
				CLANG_ENABLE_MODULES = YES;
				CLANG_ENABLE_OBJC_ARC = YES;
				CLANG_ENABLE_OBJC_WEAK = YES;
				CLANG_WARN_BLOCK_CAPTURE_AUTORELEASING = YES;
				CLANG_WARN_BOOL_CONVERSION = YES;
				CLANG_WARN_COMMA = YES;
				CLANG_WARN_CONSTANT_CONVERSION = YES;
				CLANG_WARN_DEPRECATED_OBJC_IMPLEMENTATIONS = YES;
				CLANG_WARN_DIRECT_OBJC_ISA_USAGE = YES_ERROR;
				CLANG_WARN_DOCUMENTATION_COMMENTS = YES;
				CLANG_WARN_EMPTY_BODY = YES;
				CLANG_WARN_ENUM_CONVERSION = YES;
				CLANG_WARN_INFINITE_RECURSION = YES;
				CLANG_WARN_INT_CONVERSION = YES;
				CLANG_WARN_NON_LITERAL_NULL_CONVERSION = YES;
				CLANG_WARN_OBJC_IMPLICIT_RETAIN_SELF = YES;
				CLANG_WARN_OBJC_LITERAL_CONVERSION = YES;
				CLANG_WARN_OBJC_ROOT_CLASS = YES_ERROR;
				CLANG_WARN_RANGE_LOOP_ANALYSIS = YES;
				CLANG_WARN_STRICT_PROTOTYPES = YES;
				CLANG_WARN_SUSPICIOUS_MOVE = YES;
				CLANG_WARN_UNGUARDED_AVAILABILITY = YES_AGGRESSIVE;
				CLANG_WARN_UNREACHABLE_CODE = YES;
				CLANG_WARN__DUPLICATE_METHOD_MATCH = YES;
				CODE_SIGN_IDENTITY = "iPhone Developer";
				COPY_PHASE_STRIP = NO;
				DEBUG_INFORMATION_FORMAT = "dwarf-with-dsym";
				ENABLE_NS_ASSERTIONS = NO;
				ENABLE_STRICT_OBJC_MSGSEND = YES;
				GCC_C_LANGUAGE_STANDARD = gnu11;
				GCC_NO_COMMON_BLOCKS = YES;
				GCC_WARN_64_TO_32_BIT_CONVERSION = YES;
				GCC_WARN_ABOUT_RETURN_TYPE = YES_ERROR;
				GCC_WARN_UNDECLARED_SELECTOR = YES;
				GCC_WARN_UNINITIALIZED_AUTOS = YES_AGGRESSIVE;
				GCC_WARN_UNUSED_FUNCTION = YES;
				GCC_WARN_UNUSED_VARIABLE = YES;
				IPHONEOS_DEPLOYMENT_TARGET = 12.2;
				MTL_ENABLE_DEBUG_INFO = NO;
				MTL_FAST_MATH = YES;
				SDKROOT = iphoneos;
				SWIFT_COMPILATION_MODE = wholemodule;
				SWIFT_OPTIMIZATION_LEVEL = "-O";
				VALIDATE_PRODUCT = YES;
			};
			name = Release;
		};
		C4C4A4F922BA123900303508 /* Debug */ = {
			isa = XCBuildConfiguration;
			buildSettings = {
				ASSETCATALOG_COMPILER_APPICON_NAME = AppIcon;
				CODE_SIGN_STYLE = Automatic;
				INFOPLIST_FILE = Assignment/Info.plist;
				LD_RUNPATH_SEARCH_PATHS = (
					"$(inherited)",
					"@executable_path/Frameworks",
				);
				PRODUCT_BUNDLE_IDENTIFIER = com.test.data.Assignment;
				PRODUCT_NAME = "$(TARGET_NAME)";
				SWIFT_VERSION = 5.0;
				TARGETED_DEVICE_FAMILY = "1,2";
			};
			name = Debug;
		};
		C4C4A4FA22BA123900303508 /* Release */ = {
			isa = XCBuildConfiguration;
			buildSettings = {
				ASSETCATALOG_COMPILER_APPICON_NAME = AppIcon;
				CODE_SIGN_STYLE = Automatic;
				INFOPLIST_FILE = Assignment/Info.plist;
				LD_RUNPATH_SEARCH_PATHS = (
					"$(inherited)",
					"@executable_path/Frameworks",
				);
				PRODUCT_BUNDLE_IDENTIFIER = com.test.data.Assignment;
				PRODUCT_NAME = "$(TARGET_NAME)";
				SWIFT_VERSION = 5.0;
				TARGETED_DEVICE_FAMILY = "1,2";
			};
			name = Release;
		};
		C4C4A4FC22BA123900303508 /* Debug */ = {
			isa = XCBuildConfiguration;
			buildSettings = {
				ALWAYS_EMBED_SWIFT_STANDARD_LIBRARIES = YES;
				BUNDLE_LOADER = "$(TEST_HOST)";
				CODE_SIGN_STYLE = Automatic;
				INFOPLIST_FILE = AssignmentTests/Info.plist;
				LD_RUNPATH_SEARCH_PATHS = (
					"$(inherited)",
					"@executable_path/Frameworks",
					"@loader_path/Frameworks",
				);
				PRODUCT_BUNDLE_IDENTIFIER = com.test.data.AssignmentTests;
				PRODUCT_NAME = "$(TARGET_NAME)";
				SWIFT_VERSION = 5.0;
				TARGETED_DEVICE_FAMILY = "1,2";
				TEST_HOST = "$(BUILT_PRODUCTS_DIR)/Assignment.app/Assignment";
			};
			name = Debug;
		};
		C4C4A4FD22BA123900303508 /* Release */ = {
			isa = XCBuildConfiguration;
			buildSettings = {
				ALWAYS_EMBED_SWIFT_STANDARD_LIBRARIES = YES;
				BUNDLE_LOADER = "$(TEST_HOST)";
				CODE_SIGN_STYLE = Automatic;
				INFOPLIST_FILE = AssignmentTests/Info.plist;
				LD_RUNPATH_SEARCH_PATHS = (
					"$(inherited)",
					"@executable_path/Frameworks",
					"@loader_path/Frameworks",
				);
				PRODUCT_BUNDLE_IDENTIFIER = com.test.data.AssignmentTests;
				PRODUCT_NAME = "$(TARGET_NAME)";
				SWIFT_VERSION = 5.0;
				TARGETED_DEVICE_FAMILY = "1,2";
				TEST_HOST = "$(BUILT_PRODUCTS_DIR)/Assignment.app/Assignment";
			};
			name = Release;
		};
		C4C4A4FF22BA123900303508 /* Debug */ = {
			isa = XCBuildConfiguration;
			buildSettings = {
				ALWAYS_EMBED_SWIFT_STANDARD_LIBRARIES = YES;
				CODE_SIGN_STYLE = Automatic;
				INFOPLIST_FILE = AssignmentUITests/Info.plist;
				LD_RUNPATH_SEARCH_PATHS = (
					"$(inherited)",
					"@executable_path/Frameworks",
					"@loader_path/Frameworks",
				);
				PRODUCT_BUNDLE_IDENTIFIER = com.test.data.AssignmentUITests;
				PRODUCT_NAME = "$(TARGET_NAME)";
				SWIFT_VERSION = 5.0;
				TARGETED_DEVICE_FAMILY = "1,2";
				TEST_TARGET_NAME = Assignment;
			};
			name = Debug;
		};
		C4C4A50022BA123900303508 /* Release */ = {
			isa = XCBuildConfiguration;
			buildSettings = {
				ALWAYS_EMBED_SWIFT_STANDARD_LIBRARIES = YES;
				CODE_SIGN_STYLE = Automatic;
				INFOPLIST_FILE = AssignmentUITests/Info.plist;
				LD_RUNPATH_SEARCH_PATHS = (
					"$(inherited)",
					"@executable_path/Frameworks",
					"@loader_path/Frameworks",
				);
				PRODUCT_BUNDLE_IDENTIFIER = com.test.data.AssignmentUITests;
				PRODUCT_NAME = "$(TARGET_NAME)";
				SWIFT_VERSION = 5.0;
				TARGETED_DEVICE_FAMILY = "1,2";
				TEST_TARGET_NAME = Assignment;
			};
			name = Release;
		};
/* End XCBuildConfiguration section */

/* Begin XCConfigurationList section */
		C4C4A4C822BA123800303508 /* Build configuration list for PBXProject "Assignment" */ = {
			isa = XCConfigurationList;
			buildConfigurations = (
				C4C4A4F622BA123900303508 /* Debug */,
				C4C4A4F722BA123900303508 /* Release */,
			);
			defaultConfigurationIsVisible = 0;
			defaultConfigurationName = Release;
		};
		C4C4A4F822BA123900303508 /* Build configuration list for PBXNativeTarget "Assignment" */ = {
			isa = XCConfigurationList;
			buildConfigurations = (
				C4C4A4F922BA123900303508 /* Debug */,
				C4C4A4FA22BA123900303508 /* Release */,
			);
			defaultConfigurationIsVisible = 0;
			defaultConfigurationName = Release;
		};
		C4C4A4FB22BA123900303508 /* Build configuration list for PBXNativeTarget "AssignmentTests" */ = {
			isa = XCConfigurationList;
			buildConfigurations = (
				C4C4A4FC22BA123900303508 /* Debug */,
				C4C4A4FD22BA123900303508 /* Release */,
			);
			defaultConfigurationIsVisible = 0;
			defaultConfigurationName = Release;
		};
		C4C4A4FE22BA123900303508 /* Build configuration list for PBXNativeTarget "AssignmentUITests" */ = {
			isa = XCConfigurationList;
			buildConfigurations = (
				C4C4A4FF22BA123900303508 /* Debug */,
				C4C4A50022BA123900303508 /* Release */,
			);
			defaultConfigurationIsVisible = 0;
			defaultConfigurationName = Release;
		};
/* End XCConfigurationList section */

/* Begin XCVersionGroup section */
		C4C4A4D722BA123800303508 /* Assignment.xcdatamodeld */ = {
			isa = XCVersionGroup;
			children = (
				C4C4A4D822BA123800303508 /* Assignment.xcdatamodel */,
			);
			currentVersion = C4C4A4D822BA123800303508 /* Assignment.xcdatamodel */;
			path = Assignment.xcdatamodeld;
			sourceTree = "<group>";
			versionGroupType = wrapper.xcdatamodel;
		};
/* End XCVersionGroup section */
	};
	rootObject = C4C4A4C522BA123800303508 /* Project object */;
}
